// !$*UTF8*$!
{
	archiveVersion = 1;
	classes = {
	};
	objectVersion = 50;
	objects = {

/* Begin PBXBuildFile section */
		7161D7502426A07A00F8021C /* ComposerViewController.swift in Sources */ = {isa = PBXBuildFile; fileRef = 7161D74F2426A07A00F8021C /* ComposerViewController.swift */; };
		7161D7522426A13700F8021C /* ThoughtListViewController.swift in Sources */ = {isa = PBXBuildFile; fileRef = 7161D7512426A13700F8021C /* ThoughtListViewController.swift */; };
		7161D7542427122000F8021C /* Thought.swift in Sources */ = {isa = PBXBuildFile; fileRef = 7161D7532427122000F8021C /* Thought.swift */; };
		7161D75624271EC800F8021C /* Document.swift in Sources */ = {isa = PBXBuildFile; fileRef = 7161D75524271EC800F8021C /* Document.swift */; };
		71D9D97024261FB60062505B /* AppDelegate.swift in Sources */ = {isa = PBXBuildFile; fileRef = 71D9D96F24261FB60062505B /* AppDelegate.swift */; };
		71D9D97224261FB60062505B /* SceneDelegate.swift in Sources */ = {isa = PBXBuildFile; fileRef = 71D9D97124261FB60062505B /* SceneDelegate.swift */; };
		71D9D97724261FB60062505B /* Main.storyboard in Resources */ = {isa = PBXBuildFile; fileRef = 71D9D97524261FB60062505B /* Main.storyboard */; };
		71D9D97924261FB90062505B /* Assets.xcassets in Resources */ = {isa = PBXBuildFile; fileRef = 71D9D97824261FB90062505B /* Assets.xcassets */; };
		71D9D97C24261FB90062505B /* LaunchScreen.storyboard in Resources */ = {isa = PBXBuildFile; fileRef = 71D9D97A24261FB90062505B /* LaunchScreen.storyboard */; };
/* End PBXBuildFile section */

/* Begin PBXFileReference section */
		7161D74F2426A07A00F8021C /* ComposerViewController.swift */ = {isa = PBXFileReference; lastKnownFileType = sourcecode.swift; path = ComposerViewController.swift; sourceTree = "<group>"; };
		7161D7512426A13700F8021C /* ThoughtListViewController.swift */ = {isa = PBXFileReference; lastKnownFileType = sourcecode.swift; path = ThoughtListViewController.swift; sourceTree = "<group>"; };
		7161D7532427122000F8021C /* Thought.swift */ = {isa = PBXFileReference; lastKnownFileType = sourcecode.swift; path = Thought.swift; sourceTree = "<group>"; };
		7161D75524271EC800F8021C /* Document.swift */ = {isa = PBXFileReference; lastKnownFileType = sourcecode.swift; path = Document.swift; sourceTree = "<group>"; };
		71D9D96C24261FB60062505B /* Dailies.app */ = {isa = PBXFileReference; explicitFileType = wrapper.application; includeInIndex = 0; path = Dailies.app; sourceTree = BUILT_PRODUCTS_DIR; };
		71D9D96F24261FB60062505B /* AppDelegate.swift */ = {isa = PBXFileReference; lastKnownFileType = sourcecode.swift; path = AppDelegate.swift; sourceTree = "<group>"; };
		71D9D97124261FB60062505B /* SceneDelegate.swift */ = {isa = PBXFileReference; lastKnownFileType = sourcecode.swift; path = SceneDelegate.swift; sourceTree = "<group>"; };
		71D9D97624261FB60062505B /* Base */ = {isa = PBXFileReference; lastKnownFileType = file.storyboard; name = Base; path = Base.lproj/Main.storyboard; sourceTree = "<group>"; };
		71D9D97824261FB90062505B /* Assets.xcassets */ = {isa = PBXFileReference; lastKnownFileType = folder.assetcatalog; path = Assets.xcassets; sourceTree = "<group>"; };
		71D9D97B24261FB90062505B /* Base */ = {isa = PBXFileReference; lastKnownFileType = file.storyboard; name = Base; path = Base.lproj/LaunchScreen.storyboard; sourceTree = "<group>"; };
		71D9D97D24261FB90062505B /* Info.plist */ = {isa = PBXFileReference; lastKnownFileType = text.plist.xml; path = Info.plist; sourceTree = "<group>"; };
/* End PBXFileReference section */

/* Begin PBXFrameworksBuildPhase section */
		71D9D96924261FB60062505B /* Frameworks */ = {
			isa = PBXFrameworksBuildPhase;
			buildActionMask = 2147483647;
			files = (
			);
			runOnlyForDeploymentPostprocessing = 0;
		};
/* End PBXFrameworksBuildPhase section */

/* Begin PBXGroup section */
		71D9D96324261FB60062505B = {
			isa = PBXGroup;
			children = (
				71D9D96E24261FB60062505B /* Dailies */,
				71D9D96D24261FB60062505B /* Products */,
			);
			sourceTree = "<group>";
		};
		71D9D96D24261FB60062505B /* Products */ = {
			isa = PBXGroup;
			children = (
				71D9D96C24261FB60062505B /* Dailies.app */,
			);
			name = Products;
			sourceTree = "<group>";
		};
		71D9D96E24261FB60062505B /* Dailies */ = {
			isa = PBXGroup;
			children = (
				71D9D96F24261FB60062505B /* AppDelegate.swift */,
				71D9D97124261FB60062505B /* SceneDelegate.swift */,
				7161D7512426A13700F8021C /* ThoughtListViewController.swift */,
				7161D74F2426A07A00F8021C /* ComposerViewController.swift */,
				7161D75524271EC800F8021C /* Document.swift */,
				7161D7532427122000F8021C /* Thought.swift */,
				71D9D97524261FB60062505B /* Main.storyboard */,
				71D9D97824261FB90062505B /* Assets.xcassets */,
				71D9D97A24261FB90062505B /* LaunchScreen.storyboard */,
				71D9D97D24261FB90062505B /* Info.plist */,
			);
			path = Dailies;
			sourceTree = "<group>";
		};
/* End PBXGroup section */

/* Begin PBXNativeTarget section */
		71D9D96B24261FB60062505B /* Dailies */ = {
			isa = PBXNativeTarget;
			buildConfigurationList = 71D9D98024261FB90062505B /* Build configuration list for PBXNativeTarget "Dailies" */;
			buildPhases = (
				71D9D96824261FB60062505B /* Sources */,
				71D9D96924261FB60062505B /* Frameworks */,
				71D9D96A24261FB60062505B /* Resources */,
			);
			buildRules = (
			);
			dependencies = (
			);
			name = Dailies;
			productName = Dailies;
			productReference = 71D9D96C24261FB60062505B /* Dailies.app */;
			productType = "com.apple.product-type.application";
		};
/* End PBXNativeTarget section */

/* Begin PBXProject section */
		71D9D96424261FB60062505B /* Project object */ = {
			isa = PBXProject;
			attributes = {
				LastSwiftUpdateCheck = 1140;
				LastUpgradeCheck = 1140;
				ORGANIZATIONNAME = "Li-Heng Hsu";
				TargetAttributes = {
					71D9D96B24261FB60062505B = {
						CreatedOnToolsVersion = 11.4;
					};
				};
			};
			buildConfigurationList = 71D9D96724261FB60062505B /* Build configuration list for PBXProject "Dailies" */;
			compatibilityVersion = "Xcode 9.3";
			developmentRegion = en;
			hasScannedForEncodings = 0;
			knownRegions = (
				en,
				Base,
			);
			mainGroup = 71D9D96324261FB60062505B;
			productRefGroup = 71D9D96D24261FB60062505B /* Products */;
			projectDirPath = "";
			projectRoot = "";
			targets = (
				71D9D96B24261FB60062505B /* Dailies */,
			);
		};
/* End PBXProject section */

/* Begin PBXResourcesBuildPhase section */
		71D9D96A24261FB60062505B /* Resources */ = {
			isa = PBXResourcesBuildPhase;
			buildActionMask = 2147483647;
			files = (
				71D9D97C24261FB90062505B /* LaunchScreen.storyboard in Resources */,
				71D9D97924261FB90062505B /* Assets.xcassets in Resources */,
				71D9D97724261FB60062505B /* Main.storyboard in Resources */,
			);
			runOnlyForDeploymentPostprocessing = 0;
		};
/* End PBXResourcesBuildPhase section */

/* Begin PBXSourcesBuildPhase section */
		71D9D96824261FB60062505B /* Sources */ = {
			isa = PBXSourcesBuildPhase;
			buildActionMask = 2147483647;
			files = (
				7161D7502426A07A00F8021C /* ComposerViewController.swift in Sources */,
				7161D7542427122000F8021C /* Thought.swift in Sources */,
				7161D75624271EC800F8021C /* Document.swift in Sources */,
				71D9D97024261FB60062505B /* AppDelegate.swift in Sources */,
				71D9D97224261FB60062505B /* SceneDelegate.swift in Sources */,
				7161D7522426A13700F8021C /* ThoughtListViewController.swift in Sources */,
			);
			runOnlyForDeploymentPostprocessing = 0;
		};
/* End PBXSourcesBuildPhase section */

/* Begin PBXVariantGroup section */
		71D9D97524261FB60062505B /* Main.storyboard */ = {
			isa = PBXVariantGroup;
			children = (
				71D9D97624261FB60062505B /* Base */,
			);
			name = Main.storyboard;
			sourceTree = "<group>";
		};
		71D9D97A24261FB90062505B /* LaunchScreen.storyboard */ = {
			isa = PBXVariantGroup;
			children = (
				71D9D97B24261FB90062505B /* Base */,
			);
			name = LaunchScreen.storyboard;
			sourceTree = "<group>";
		};
/* End PBXVariantGroup section */

/* Begin XCBuildConfiguration section */
		71D9D97E24261FB90062505B /* Debug */ = {
			isa = XCBuildConfiguration;
			buildSettings = {
				ALWAYS_SEARCH_USER_PATHS = NO;
				CLANG_ANALYZER_NONNULL = YES;
				CLANG_ANALYZER_NUMBER_OBJECT_CONVERSION = YES_AGGRESSIVE;
				CLANG_CXX_LANGUAGE_STANDARD = "gnu++14";
				CLANG_CXX_LIBRARY = "libc++";
				CLANG_ENABLE_MODULES = YES;
				CLANG_ENABLE_OBJC_ARC = YES;
				CLANG_ENABLE_OBJC_WEAK = YES;
				CLANG_WARN_BLOCK_CAPTURE_AUTORELEASING = YES;
				CLANG_WARN_BOOL_CONVERSION = YES;
				CLANG_WARN_COMMA = YES;
				CLANG_WARN_CONSTANT_CONVERSION = YES;
				CLANG_WARN_DEPRECATED_OBJC_IMPLEMENTATIONS = YES;
				CLANG_WARN_DIRECT_OBJC_ISA_USAGE = YES_ERROR;
				CLANG_WARN_DOCUMENTATION_COMMENTS = YES;
				CLANG_WARN_EMPTY_BODY = YES;
				CLANG_WARN_ENUM_CONVERSION = YES;
				CLANG_WARN_INFINITE_RECURSION = YES;
				CLANG_WARN_INT_CONVERSION = YES;
				CLANG_WARN_NON_LITERAL_NULL_CONVERSION = YES;
				CLANG_WARN_OBJC_IMPLICIT_RETAIN_SELF = YES;
				CLANG_WARN_OBJC_LITERAL_CONVERSION = YES;
				CLANG_WARN_OBJC_ROOT_CLASS = YES_ERROR;
				CLANG_WARN_RANGE_LOOP_ANALYSIS = YES;
				CLANG_WARN_STRICT_PROTOTYPES = YES;
				CLANG_WARN_SUSPICIOUS_MOVE = YES;
				CLANG_WARN_UNGUARDED_AVAILABILITY = YES_AGGRESSIVE;
				CLANG_WARN_UNREACHABLE_CODE = YES;
				CLANG_WARN__DUPLICATE_METHOD_MATCH = YES;
				COPY_PHASE_STRIP = NO;
				DEBUG_INFORMATION_FORMAT = dwarf;
				ENABLE_STRICT_OBJC_MSGSEND = YES;
				ENABLE_TESTABILITY = YES;
				GCC_C_LANGUAGE_STANDARD = gnu11;
				GCC_DYNAMIC_NO_PIC = NO;
				GCC_NO_COMMON_BLOCKS = YES;
				GCC_OPTIMIZATION_LEVEL = 0;
				GCC_PREPROCESSOR_DEFINITIONS = (
					"DEBUG=1",
					"$(inherited)",
				);
				GCC_WARN_64_TO_32_BIT_CONVERSION = YES;
				GCC_WARN_ABOUT_RETURN_TYPE = YES_ERROR;
				GCC_WARN_UNDECLARED_SELECTOR = YES;
				GCC_WARN_UNINITIALIZED_AUTOS = YES_AGGRESSIVE;
				GCC_WARN_UNUSED_FUNCTION = YES;
				GCC_WARN_UNUSED_VARIABLE = YES;
				IPHONEOS_DEPLOYMENT_TARGET = 13.4;
				MTL_ENABLE_DEBUG_INFO = INCLUDE_SOURCE;
				MTL_FAST_MATH = YES;
				ONLY_ACTIVE_ARCH = YES;
				SDKROOT = iphoneos;
				SWIFT_ACTIVE_COMPILATION_CONDITIONS = DEBUG;
				SWIFT_OPTIMIZATION_LEVEL = "-Onone";
			};
			name = Debug;
		};
		71D9D97F24261FB90062505B /* Release */ = {
			isa = XCBuildConfiguration;
			buildSettings = {
				ALWAYS_SEARCH_USER_PATHS = NO;
				CLANG_ANALYZER_NONNULL = YES;
				CLANG_ANALYZER_NUMBER_OBJECT_CONVERSION = YES_AGGRESSIVE;
				CLANG_CXX_LANGUAGE_STANDARD = "gnu++14";
				CLANG_CXX_LIBRARY = "libc++";
				CLANG_ENABLE_MODULES = YES;
				CLANG_ENABLE_OBJC_ARC = YES;
				CLANG_ENABLE_OBJC_WEAK = YES;
				CLANG_WARN_BLOCK_CAPTURE_AUTORELEASING = YES;
				CLANG_WARN_BOOL_CONVERSION = YES;
				CLANG_WARN_COMMA = YES;
				CLANG_WARN_CONSTANT_CONVERSION = YES;
				CLANG_WARN_DEPRECATED_OBJC_IMPLEMENTATIONS = YES;
				CLANG_WARN_DIRECT_OBJC_ISA_USAGE = YES_ERROR;
				CLANG_WARN_DOCUMENTATION_COMMENTS = YES;
				CLANG_WARN_EMPTY_BODY = YES;
				CLANG_WARN_ENUM_CONVERSION = YES;
				CLANG_WARN_INFINITE_RECURSION = YES;
				CLANG_WARN_INT_CONVERSION = YES;
				CLANG_WARN_NON_LITERAL_NULL_CONVERSION = YES;
				CLANG_WARN_OBJC_IMPLICIT_RETAIN_SELF = YES;
				CLANG_WARN_OBJC_LITERAL_CONVERSION = YES;
				CLANG_WARN_OBJC_ROOT_CLASS = YES_ERROR;
				CLANG_WARN_RANGE_LOOP_ANALYSIS = YES;
				CLANG_WARN_STRICT_PROTOTYPES = YES;
				CLANG_WARN_SUSPICIOUS_MOVE = YES;
				CLANG_WARN_UNGUARDED_AVAILABILITY = YES_AGGRESSIVE;
				CLANG_WARN_UNREACHABLE_CODE = YES;
				CLANG_WARN__DUPLICATE_METHOD_MATCH = YES;
				COPY_PHASE_STRIP = NO;
				DEBUG_INFORMATION_FORMAT = "dwarf-with-dsym";
				ENABLE_NS_ASSERTIONS = NO;
				ENABLE_STRICT_OBJC_MSGSEND = YES;
				GCC_C_LANGUAGE_STANDARD = gnu11;
				GCC_NO_COMMON_BLOCKS = YES;
				GCC_WARN_64_TO_32_BIT_CONVERSION = YES;
				GCC_WARN_ABOUT_RETURN_TYPE = YES_ERROR;
				GCC_WARN_UNDECLARED_SELECTOR = YES;
				GCC_WARN_UNINITIALIZED_AUTOS = YES_AGGRESSIVE;
				GCC_WARN_UNUSED_FUNCTION = YES;
				GCC_WARN_UNUSED_VARIABLE = YES;
				IPHONEOS_DEPLOYMENT_TARGET = 13.4;
				MTL_ENABLE_DEBUG_INFO = NO;
				MTL_FAST_MATH = YES;
				SDKROOT = iphoneos;
				SWIFT_COMPILATION_MODE = wholemodule;
				SWIFT_OPTIMIZATION_LEVEL = "-O";
				VALIDATE_PRODUCT = YES;
			};
			name = Release;
		};
		71D9D98124261FB90062505B /* Debug */ = {
			isa = XCBuildConfiguration;
			buildSettings = {
				ASSETCATALOG_COMPILER_APPICON_NAME = AppIcon;
				CODE_SIGN_STYLE = Automatic;
				DEVELOPMENT_TEAM = K3ER26RU8S;
				INFOPLIST_FILE = Dailies/Info.plist;
				IPHONEOS_DEPLOYMENT_TARGET = 13.3;
				LD_RUNPATH_SEARCH_PATHS = (
					"$(inherited)",
					"@executable_path/Frameworks",
				);
				PRODUCT_BUNDLE_IDENTIFIER = com.narrativesaw.Dailies;
				PRODUCT_NAME = "$(TARGET_NAME)";
				SWIFT_VERSION = 5.0;
				TARGETED_DEVICE_FAMILY = "1,2";
			};
			name = Debug;
		};
		71D9D98224261FB90062505B /* Release */ = {
			isa = XCBuildConfiguration;
			buildSettings = {
				ASSETCATALOG_COMPILER_APPICON_NAME = AppIcon;
				CODE_SIGN_STYLE = Automatic;
				DEVELOPMENT_TEAM = K3ER26RU8S;
				INFOPLIST_FILE = Dailies/Info.plist;
				IPHONEOS_DEPLOYMENT_TARGET = 13.3;
				LD_RUNPATH_SEARCH_PATHS = (
					"$(inherited)",
					"@executable_path/Frameworks",
				);
				PRODUCT_BUNDLE_IDENTIFIER = com.narrativesaw.Dailies;
				PRODUCT_NAME = "$(TARGET_NAME)";
				SWIFT_VERSION = 5.0;
				TARGETED_DEVICE_FAMILY = "1,2";
			};
			name = Release;
		};
/* End XCBuildConfiguration section */

/* Begin XCConfigurationList section */
		71D9D96724261FB60062505B /* Build configuration list for PBXProject "Dailies" */ = {
			isa = XCConfigurationList;
			buildConfigurations = (
				71D9D97E24261FB90062505B /* Debug */,
				71D9D97F24261FB90062505B /* Release */,
			);
			defaultConfigurationIsVisible = 0;
			defaultConfigurationName = Release;
		};
		71D9D98024261FB90062505B /* Build configuration list for PBXNativeTarget "Dailies" */ = {
			isa = XCConfigurationList;
			buildConfigurations = (
				71D9D98124261FB90062505B /* Debug */,
				71D9D98224261FB90062505B /* Release */,
			);
			defaultConfigurationIsVisible = 0;
			defaultConfigurationName = Release;
		};
/* End XCConfigurationList section */
	};
	rootObject = 71D9D96424261FB60062505B /* Project object */;
}
