// !$*UTF8*$!
{
	archiveVersion = 1;
	classes = {
	};
	objectVersion = 50;
	objects = {

/* Begin PBXBuildFile section */
		7144AA412435E84400B72934 /* Draft.swift in Sources */ = {isa = PBXBuildFile; fileRef = 7144AA402435E84400B72934 /* Draft.swift */; };
		7144AA452436241600B72934 /* ThoughtListFilter.swift in Sources */ = {isa = PBXBuildFile; fileRef = 7144AA442436241600B72934 /* ThoughtListFilter.swift */; };
		7144AA47243658AE00B72934 /* TagListView.swift in Sources */ = {isa = PBXBuildFile; fileRef = 7144AA46243658AE00B72934 /* TagListView.swift */; };
		7144AA4924365B2F00B72934 /* TagListViewController.swift in Sources */ = {isa = PBXBuildFile; fileRef = 7144AA4824365B2F00B72934 /* TagListViewController.swift */; };
		715F63B32435B20F00E12D26 /* DataStructures.swift in Sources */ = {isa = PBXBuildFile; fileRef = 715F63B22435B20F00E12D26 /* DataStructures.swift */; };
		715F63B42435B20F00E12D26 /* Document.swift in Sources */ = {isa = PBXBuildFile; fileRef = 715F63B12435B20F00E12D26 /* Document.swift */; };
		715F63BE2435B22100E12D26 /* ThoughtListFilterView.swift in Sources */ = {isa = PBXBuildFile; fileRef = 715F63B82435B22000E12D26 /* ThoughtListFilterView.swift */; };
		715F63BF2435B22100E12D26 /* ThoughtListViewController.swift in Sources */ = {isa = PBXBuildFile; fileRef = 715F63BB2435B22000E12D26 /* ThoughtListViewController.swift */; };
		715F63C02435B22100E12D26 /* ThoughtListFilterViewController.swift in Sources */ = {isa = PBXBuildFile; fileRef = 715F63B72435B22000E12D26 /* ThoughtListFilterViewController.swift */; };
		715F63C12435B22100E12D26 /* DraftView.swift in Sources */ = {isa = PBXBuildFile; fileRef = 715F63B52435B22000E12D26 /* DraftView.swift */; };
		715F63C22435B22100E12D26 /* DraftViewController.swift in Sources */ = {isa = PBXBuildFile; fileRef = 715F63B92435B22000E12D26 /* DraftViewController.swift */; };
		715F63C62435B26800E12D26 /* ThoughtList.swift in Sources */ = {isa = PBXBuildFile; fileRef = 715F63C52435B26800E12D26 /* ThoughtList.swift */; };
		715F63C82435B52500E12D26 /* TagList.swift in Sources */ = {isa = PBXBuildFile; fileRef = 715F63C72435B52400E12D26 /* TagList.swift */; };
		715F63CC2435C61A00E12D26 /* ThoughtListView.swift in Sources */ = {isa = PBXBuildFile; fileRef = 715F63CB2435C61A00E12D26 /* ThoughtListView.swift */; };
		71AB912424322E9800EAE8B8 /* PresentTagListSegue.swift in Sources */ = {isa = PBXBuildFile; fileRef = 71AB912324322E9800EAE8B8 /* PresentTagListSegue.swift */; };
		71D4259D24372E2000159911 /* Window.swift in Sources */ = {isa = PBXBuildFile; fileRef = 71D4259C24372E2000159911 /* Window.swift */; };
		71D9D97024261FB60062505B /* AppDelegate.swift in Sources */ = {isa = PBXBuildFile; fileRef = 71D9D96F24261FB60062505B /* AppDelegate.swift */; };
		71D9D97224261FB60062505B /* SceneDelegate.swift in Sources */ = {isa = PBXBuildFile; fileRef = 71D9D97124261FB60062505B /* SceneDelegate.swift */; };
		71D9D97724261FB60062505B /* Main.storyboard in Resources */ = {isa = PBXBuildFile; fileRef = 71D9D97524261FB60062505B /* Main.storyboard */; };
		71D9D97924261FB90062505B /* Assets.xcassets in Resources */ = {isa = PBXBuildFile; fileRef = 71D9D97824261FB90062505B /* Assets.xcassets */; };
		71D9D97C24261FB90062505B /* LaunchScreen.storyboard in Resources */ = {isa = PBXBuildFile; fileRef = 71D9D97A24261FB90062505B /* LaunchScreen.storyboard */; };
		71F623B32428BCCE00A46048 /* Localizable.strings in Resources */ = {isa = PBXBuildFile; fileRef = 71F623B12428BCCE00A46048 /* Localizable.strings */; };
		71FC15BD242E158C0092DD24 /* NavigationController.swift in Sources */ = {isa = PBXBuildFile; fileRef = 71FC15BC242E158C0092DD24 /* NavigationController.swift */; };
/* End PBXBuildFile section */

/* Begin PBXFileReference section */
		7144AA402435E84400B72934 /* Draft.swift */ = {isa = PBXFileReference; lastKnownFileType = sourcecode.swift; path = Draft.swift; sourceTree = "<group>"; };
		7144AA442436241600B72934 /* ThoughtListFilter.swift */ = {isa = PBXFileReference; lastKnownFileType = sourcecode.swift; path = ThoughtListFilter.swift; sourceTree = "<group>"; };
		7144AA46243658AE00B72934 /* TagListView.swift */ = {isa = PBXFileReference; lastKnownFileType = sourcecode.swift; path = TagListView.swift; sourceTree = "<group>"; };
		7144AA4824365B2F00B72934 /* TagListViewController.swift */ = {isa = PBXFileReference; lastKnownFileType = sourcecode.swift; path = TagListViewController.swift; sourceTree = "<group>"; };
		715F63B12435B20F00E12D26 /* Document.swift */ = {isa = PBXFileReference; lastKnownFileType = sourcecode.swift; path = Document.swift; sourceTree = "<group>"; };
		715F63B22435B20F00E12D26 /* DataStructures.swift */ = {isa = PBXFileReference; lastKnownFileType = sourcecode.swift; path = DataStructures.swift; sourceTree = "<group>"; };
		715F63B52435B22000E12D26 /* DraftView.swift */ = {isa = PBXFileReference; lastKnownFileType = sourcecode.swift; path = DraftView.swift; sourceTree = "<group>"; };
		715F63B72435B22000E12D26 /* ThoughtListFilterViewController.swift */ = {isa = PBXFileReference; lastKnownFileType = sourcecode.swift; path = ThoughtListFilterViewController.swift; sourceTree = "<group>"; };
		715F63B82435B22000E12D26 /* ThoughtListFilterView.swift */ = {isa = PBXFileReference; lastKnownFileType = sourcecode.swift; path = ThoughtListFilterView.swift; sourceTree = "<group>"; };
		715F63B92435B22000E12D26 /* DraftViewController.swift */ = {isa = PBXFileReference; lastKnownFileType = sourcecode.swift; path = DraftViewController.swift; sourceTree = "<group>"; };
		715F63BB2435B22000E12D26 /* ThoughtListViewController.swift */ = {isa = PBXFileReference; lastKnownFileType = sourcecode.swift; path = ThoughtListViewController.swift; sourceTree = "<group>"; };
		715F63C52435B26800E12D26 /* ThoughtList.swift */ = {isa = PBXFileReference; lastKnownFileType = sourcecode.swift; path = ThoughtList.swift; sourceTree = "<group>"; };
		715F63C72435B52400E12D26 /* TagList.swift */ = {isa = PBXFileReference; lastKnownFileType = sourcecode.swift; path = TagList.swift; sourceTree = "<group>"; };
		715F63CB2435C61A00E12D26 /* ThoughtListView.swift */ = {isa = PBXFileReference; lastKnownFileType = sourcecode.swift; path = ThoughtListView.swift; sourceTree = "<group>"; };
		71AB912324322E9800EAE8B8 /* PresentTagListSegue.swift */ = {isa = PBXFileReference; lastKnownFileType = sourcecode.swift; path = PresentTagListSegue.swift; sourceTree = "<group>"; };
		71D4259C24372E2000159911 /* Window.swift */ = {isa = PBXFileReference; lastKnownFileType = sourcecode.swift; path = Window.swift; sourceTree = "<group>"; };
		71D9D96C24261FB60062505B /* Dailies.app */ = {isa = PBXFileReference; explicitFileType = wrapper.application; includeInIndex = 0; path = Dailies.app; sourceTree = BUILT_PRODUCTS_DIR; };
		71D9D96F24261FB60062505B /* AppDelegate.swift */ = {isa = PBXFileReference; lastKnownFileType = sourcecode.swift; path = AppDelegate.swift; sourceTree = "<group>"; };
		71D9D97124261FB60062505B /* SceneDelegate.swift */ = {isa = PBXFileReference; lastKnownFileType = sourcecode.swift; path = SceneDelegate.swift; sourceTree = "<group>"; };
		71D9D97624261FB60062505B /* Base */ = {isa = PBXFileReference; lastKnownFileType = file.storyboard; name = Base; path = Base.lproj/Main.storyboard; sourceTree = "<group>"; };
		71D9D97824261FB90062505B /* Assets.xcassets */ = {isa = PBXFileReference; lastKnownFileType = folder.assetcatalog; path = Assets.xcassets; sourceTree = "<group>"; };
		71D9D97B24261FB90062505B /* Base */ = {isa = PBXFileReference; lastKnownFileType = file.storyboard; name = Base; path = Base.lproj/LaunchScreen.storyboard; sourceTree = "<group>"; };
		71D9D97D24261FB90062505B /* Info.plist */ = {isa = PBXFileReference; lastKnownFileType = text.plist.xml; path = Info.plist; sourceTree = "<group>"; };
		71F623AF2428BBE800A46048 /* zh-Hant */ = {isa = PBXFileReference; lastKnownFileType = text.plist.strings; name = "zh-Hant"; path = "zh-Hant.lproj/Main.strings"; sourceTree = "<group>"; };
		71F623B02428BBE800A46048 /* zh-Hant */ = {isa = PBXFileReference; lastKnownFileType = text.plist.strings; name = "zh-Hant"; path = "zh-Hant.lproj/LaunchScreen.strings"; sourceTree = "<group>"; };
		71F623B22428BCCE00A46048 /* zh-Hant */ = {isa = PBXFileReference; lastKnownFileType = text.plist.strings; name = "zh-Hant"; path = "zh-Hant.lproj/Localizable.strings"; sourceTree = "<group>"; };
		71FC15BC242E158C0092DD24 /* NavigationController.swift */ = {isa = PBXFileReference; lastKnownFileType = sourcecode.swift; path = NavigationController.swift; sourceTree = "<group>"; };
/* End PBXFileReference section */

/* Begin PBXFrameworksBuildPhase section */
		71D9D96924261FB60062505B /* Frameworks */ = {
			isa = PBXFrameworksBuildPhase;
			buildActionMask = 2147483647;
			files = (
			);
			runOnlyForDeploymentPostprocessing = 0;
		};
/* End PBXFrameworksBuildPhase section */

/* Begin PBXGroup section */
		71C30DC02429F0B400C9F12E /* Frameworks */ = {
			isa = PBXGroup;
			children = (
			);
			name = Frameworks;
			sourceTree = "<group>";
		};
		71D9D96324261FB60062505B = {
			isa = PBXGroup;
			children = (
				71D9D96E24261FB60062505B /* Dailies */,
				71D9D96D24261FB60062505B /* Products */,
				71C30DC02429F0B400C9F12E /* Frameworks */,
			);
			sourceTree = "<group>";
		};
		71D9D96D24261FB60062505B /* Products */ = {
			isa = PBXGroup;
			children = (
				71D9D96C24261FB60062505B /* Dailies.app */,
			);
			name = Products;
			sourceTree = "<group>";
		};
		71D9D96E24261FB60062505B /* Dailies */ = {
			isa = PBXGroup;
			children = (
				71D9D96F24261FB60062505B /* AppDelegate.swift */,
				71D9D97124261FB60062505B /* SceneDelegate.swift */,
				71FC15BC242E158C0092DD24 /* NavigationController.swift */,
				715F63B22435B20F00E12D26 /* DataStructures.swift */,
				715F63B12435B20F00E12D26 /* Document.swift */,
				71D4259C24372E2000159911 /* Window.swift */,
				715F63C72435B52400E12D26 /* TagList.swift */,
				7144AA46243658AE00B72934 /* TagListView.swift */,
				7144AA4824365B2F00B72934 /* TagListViewController.swift */,
				715F63C52435B26800E12D26 /* ThoughtList.swift */,
				715F63CB2435C61A00E12D26 /* ThoughtListView.swift */,
				715F63BB2435B22000E12D26 /* ThoughtListViewController.swift */,
				7144AA402435E84400B72934 /* Draft.swift */,
				715F63B52435B22000E12D26 /* DraftView.swift */,
				715F63B92435B22000E12D26 /* DraftViewController.swift */,
				71AB912324322E9800EAE8B8 /* PresentTagListSegue.swift */,
				7144AA442436241600B72934 /* ThoughtListFilter.swift */,
				715F63B82435B22000E12D26 /* ThoughtListFilterView.swift */,
				715F63B72435B22000E12D26 /* ThoughtListFilterViewController.swift */,
				71D9D97524261FB60062505B /* Main.storyboard */,
				71D9D97824261FB90062505B /* Assets.xcassets */,
				71D9D97A24261FB90062505B /* LaunchScreen.storyboard */,
				71D9D97D24261FB90062505B /* Info.plist */,
				71F623B12428BCCE00A46048 /* Localizable.strings */,
			);
			path = Dailies;
			sourceTree = "<group>";
		};
/* End PBXGroup section */

/* Begin PBXNativeTarget section */
		71D9D96B24261FB60062505B /* Dailies */ = {
			isa = PBXNativeTarget;
			buildConfigurationList = 71D9D98024261FB90062505B /* Build configuration list for PBXNativeTarget "Dailies" */;
			buildPhases = (
				71D9D96824261FB60062505B /* Sources */,
				71D9D96924261FB60062505B /* Frameworks */,
				71D9D96A24261FB60062505B /* Resources */,
			);
			buildRules = (
			);
			dependencies = (
			);
			name = Dailies;
			packageProductDependencies = (
			);
			productName = Dailies;
			productReference = 71D9D96C24261FB60062505B /* Dailies.app */;
			productType = "com.apple.product-type.application";
		};
/* End PBXNativeTarget section */

/* Begin PBXProject section */
		71D9D96424261FB60062505B /* Project object */ = {
			isa = PBXProject;
			attributes = {
				LastSwiftUpdateCheck = 1140;
				LastUpgradeCheck = 1140;
				ORGANIZATIONNAME = "Li-Heng Hsu";
				TargetAttributes = {
					71D9D96B24261FB60062505B = {
						CreatedOnToolsVersion = 11.4;
					};
				};
			};
			buildConfigurationList = 71D9D96724261FB60062505B /* Build configuration list for PBXProject "Dailies" */;
			compatibilityVersion = "Xcode 9.3";
			developmentRegion = en;
			hasScannedForEncodings = 0;
			knownRegions = (
				en,
				Base,
				"zh-Hant",
			);
			mainGroup = 71D9D96324261FB60062505B;
			productRefGroup = 71D9D96D24261FB60062505B /* Products */;
			projectDirPath = "";
			projectRoot = "";
			targets = (
				71D9D96B24261FB60062505B /* Dailies */,
			);
		};
/* End PBXProject section */

/* Begin PBXResourcesBuildPhase section */
		71D9D96A24261FB60062505B /* Resources */ = {
			isa = PBXResourcesBuildPhase;
			buildActionMask = 2147483647;
			files = (
				71D9D97C24261FB90062505B /* LaunchScreen.storyboard in Resources */,
				71F623B32428BCCE00A46048 /* Localizable.strings in Resources */,
				71D9D97924261FB90062505B /* Assets.xcassets in Resources */,
				71D9D97724261FB60062505B /* Main.storyboard in Resources */,
			);
			runOnlyForDeploymentPostprocessing = 0;
		};
/* End PBXResourcesBuildPhase section */

/* Begin PBXSourcesBuildPhase section */
		71D9D96824261FB60062505B /* Sources */ = {
			isa = PBXSourcesBuildPhase;
			buildActionMask = 2147483647;
			files = (
				7144AA4924365B2F00B72934 /* TagListViewController.swift in Sources */,
				715F63C82435B52500E12D26 /* TagList.swift in Sources */,
				715F63BF2435B22100E12D26 /* ThoughtListViewController.swift in Sources */,
				715F63C12435B22100E12D26 /* DraftView.swift in Sources */,
				7144AA452436241600B72934 /* ThoughtListFilter.swift in Sources */,
				71D9D97024261FB60062505B /* AppDelegate.swift in Sources */,
				715F63B32435B20F00E12D26 /* DataStructures.swift in Sources */,
				715F63B42435B20F00E12D26 /* Document.swift in Sources */,
				7144AA47243658AE00B72934 /* TagListView.swift in Sources */,
				71D9D97224261FB60062505B /* SceneDelegate.swift in Sources */,
				715F63C22435B22100E12D26 /* DraftViewController.swift in Sources */,
				7144AA412435E84400B72934 /* Draft.swift in Sources */,
				715F63C62435B26800E12D26 /* ThoughtList.swift in Sources */,
				71AB912424322E9800EAE8B8 /* PresentTagListSegue.swift in Sources */,
				715F63CC2435C61A00E12D26 /* ThoughtListView.swift in Sources */,
				71FC15BD242E158C0092DD24 /* NavigationController.swift in Sources */,
				715F63C02435B22100E12D26 /* ThoughtListFilterViewController.swift in Sources */,
				71D4259D24372E2000159911 /* Window.swift in Sources */,
				715F63BE2435B22100E12D26 /* ThoughtListFilterView.swift in Sources */,
			);
			runOnlyForDeploymentPostprocessing = 0;
		};
/* End PBXSourcesBuildPhase section */

/* Begin PBXVariantGroup section */
		71D9D97524261FB60062505B /* Main.storyboard */ = {
			isa = PBXVariantGroup;
			children = (
				71D9D97624261FB60062505B /* Base */,
				71F623AF2428BBE800A46048 /* zh-Hant */,
			);
			name = Main.storyboard;
			sourceTree = "<group>";
		};
		71D9D97A24261FB90062505B /* LaunchScreen.storyboard */ = {
			isa = PBXVariantGroup;
			children = (
				71D9D97B24261FB90062505B /* Base */,
				71F623B02428BBE800A46048 /* zh-Hant */,
			);
			name = LaunchScreen.storyboard;
			sourceTree = "<group>";
		};
		71F623B12428BCCE00A46048 /* Localizable.strings */ = {
			isa = PBXVariantGroup;
			children = (
				71F623B22428BCCE00A46048 /* zh-Hant */,
			);
			name = Localizable.strings;
			sourceTree = "<group>";
		};
/* End PBXVariantGroup section */

/* Begin XCBuildConfiguration section */
		71D9D97E24261FB90062505B /* Debug */ = {
			isa = XCBuildConfiguration;
			buildSettings = {
				ALWAYS_SEARCH_USER_PATHS = NO;
				CLANG_ANALYZER_LOCALIZABILITY_NONLOCALIZED = YES;
				CLANG_ANALYZER_NONNULL = YES;
				CLANG_ANALYZER_NUMBER_OBJECT_CONVERSION = YES_AGGRESSIVE;
				CLANG_CXX_LANGUAGE_STANDARD = "gnu++14";
				CLANG_CXX_LIBRARY = "libc++";
				CLANG_ENABLE_MODULES = YES;
				CLANG_ENABLE_OBJC_ARC = YES;
				CLANG_ENABLE_OBJC_WEAK = YES;
				CLANG_WARN_BLOCK_CAPTURE_AUTORELEASING = YES;
				CLANG_WARN_BOOL_CONVERSION = YES;
				CLANG_WARN_COMMA = YES;
				CLANG_WARN_CONSTANT_CONVERSION = YES;
				CLANG_WARN_DEPRECATED_OBJC_IMPLEMENTATIONS = YES;
				CLANG_WARN_DIRECT_OBJC_ISA_USAGE = YES_ERROR;
				CLANG_WARN_DOCUMENTATION_COMMENTS = YES;
				CLANG_WARN_EMPTY_BODY = YES;
				CLANG_WARN_ENUM_CONVERSION = YES;
				CLANG_WARN_INFINITE_RECURSION = YES;
				CLANG_WARN_INT_CONVERSION = YES;
				CLANG_WARN_NON_LITERAL_NULL_CONVERSION = YES;
				CLANG_WARN_OBJC_IMPLICIT_RETAIN_SELF = YES;
				CLANG_WARN_OBJC_LITERAL_CONVERSION = YES;
				CLANG_WARN_OBJC_ROOT_CLASS = YES_ERROR;
				CLANG_WARN_RANGE_LOOP_ANALYSIS = YES;
				CLANG_WARN_STRICT_PROTOTYPES = YES;
				CLANG_WARN_SUSPICIOUS_MOVE = YES;
				CLANG_WARN_UNGUARDED_AVAILABILITY = YES_AGGRESSIVE;
				CLANG_WARN_UNREACHABLE_CODE = YES;
				CLANG_WARN__DUPLICATE_METHOD_MATCH = YES;
				COPY_PHASE_STRIP = NO;
				DEBUG_INFORMATION_FORMAT = dwarf;
				ENABLE_STRICT_OBJC_MSGSEND = YES;
				ENABLE_TESTABILITY = YES;
				GCC_C_LANGUAGE_STANDARD = gnu11;
				GCC_DYNAMIC_NO_PIC = NO;
				GCC_NO_COMMON_BLOCKS = YES;
				GCC_OPTIMIZATION_LEVEL = 0;
				GCC_PREPROCESSOR_DEFINITIONS = (
					"DEBUG=1",
					"$(inherited)",
				);
				GCC_WARN_64_TO_32_BIT_CONVERSION = YES;
				GCC_WARN_ABOUT_RETURN_TYPE = YES_ERROR;
				GCC_WARN_UNDECLARED_SELECTOR = YES;
				GCC_WARN_UNINITIALIZED_AUTOS = YES_AGGRESSIVE;
				GCC_WARN_UNUSED_FUNCTION = YES;
				GCC_WARN_UNUSED_VARIABLE = YES;
				IPHONEOS_DEPLOYMENT_TARGET = 13.4;
				MTL_ENABLE_DEBUG_INFO = INCLUDE_SOURCE;
				MTL_FAST_MATH = YES;
				ONLY_ACTIVE_ARCH = YES;
				SDKROOT = iphoneos;
				SWIFT_ACTIVE_COMPILATION_CONDITIONS = DEBUG;
				SWIFT_OPTIMIZATION_LEVEL = "-Onone";
			};
			name = Debug;
		};
		71D9D97F24261FB90062505B /* Release */ = {
			isa = XCBuildConfiguration;
			buildSettings = {
				ALWAYS_SEARCH_USER_PATHS = NO;
				CLANG_ANALYZER_LOCALIZABILITY_NONLOCALIZED = YES;
				CLANG_ANALYZER_NONNULL = YES;
				CLANG_ANALYZER_NUMBER_OBJECT_CONVERSION = YES_AGGRESSIVE;
				CLANG_CXX_LANGUAGE_STANDARD = "gnu++14";
				CLANG_CXX_LIBRARY = "libc++";
				CLANG_ENABLE_MODULES = YES;
				CLANG_ENABLE_OBJC_ARC = YES;
				CLANG_ENABLE_OBJC_WEAK = YES;
				CLANG_WARN_BLOCK_CAPTURE_AUTORELEASING = YES;
				CLANG_WARN_BOOL_CONVERSION = YES;
				CLANG_WARN_COMMA = YES;
				CLANG_WARN_CONSTANT_CONVERSION = YES;
				CLANG_WARN_DEPRECATED_OBJC_IMPLEMENTATIONS = YES;
				CLANG_WARN_DIRECT_OBJC_ISA_USAGE = YES_ERROR;
				CLANG_WARN_DOCUMENTATION_COMMENTS = YES;
				CLANG_WARN_EMPTY_BODY = YES;
				CLANG_WARN_ENUM_CONVERSION = YES;
				CLANG_WARN_INFINITE_RECURSION = YES;
				CLANG_WARN_INT_CONVERSION = YES;
				CLANG_WARN_NON_LITERAL_NULL_CONVERSION = YES;
				CLANG_WARN_OBJC_IMPLICIT_RETAIN_SELF = YES;
				CLANG_WARN_OBJC_LITERAL_CONVERSION = YES;
				CLANG_WARN_OBJC_ROOT_CLASS = YES_ERROR;
				CLANG_WARN_RANGE_LOOP_ANALYSIS = YES;
				CLANG_WARN_STRICT_PROTOTYPES = YES;
				CLANG_WARN_SUSPICIOUS_MOVE = YES;
				CLANG_WARN_UNGUARDED_AVAILABILITY = YES_AGGRESSIVE;
				CLANG_WARN_UNREACHABLE_CODE = YES;
				CLANG_WARN__DUPLICATE_METHOD_MATCH = YES;
				COPY_PHASE_STRIP = NO;
				DEBUG_INFORMATION_FORMAT = "dwarf-with-dsym";
				ENABLE_NS_ASSERTIONS = NO;
				ENABLE_STRICT_OBJC_MSGSEND = YES;
				GCC_C_LANGUAGE_STANDARD = gnu11;
				GCC_NO_COMMON_BLOCKS = YES;
				GCC_WARN_64_TO_32_BIT_CONVERSION = YES;
				GCC_WARN_ABOUT_RETURN_TYPE = YES_ERROR;
				GCC_WARN_UNDECLARED_SELECTOR = YES;
				GCC_WARN_UNINITIALIZED_AUTOS = YES_AGGRESSIVE;
				GCC_WARN_UNUSED_FUNCTION = YES;
				GCC_WARN_UNUSED_VARIABLE = YES;
				IPHONEOS_DEPLOYMENT_TARGET = 13.4;
				MTL_ENABLE_DEBUG_INFO = NO;
				MTL_FAST_MATH = YES;
				SDKROOT = iphoneos;
				SWIFT_COMPILATION_MODE = wholemodule;
				SWIFT_OPTIMIZATION_LEVEL = "-O";
				VALIDATE_PRODUCT = YES;
			};
			name = Release;
		};
		71D9D98124261FB90062505B /* Debug */ = {
			isa = XCBuildConfiguration;
			buildSettings = {
				ASSETCATALOG_COMPILER_APPICON_NAME = AppIcon;
				CODE_SIGN_STYLE = Automatic;
				DEVELOPMENT_TEAM = K3ER26RU8S;
				INFOPLIST_FILE = Dailies/Info.plist;
				IPHONEOS_DEPLOYMENT_TARGET = 13.3;
				LD_RUNPATH_SEARCH_PATHS = (
					"$(inherited)",
					"@executable_path/Frameworks",
				);
				PRODUCT_BUNDLE_IDENTIFIER = com.narrativesaw.Dailies;
				PRODUCT_NAME = "$(TARGET_NAME)";
				SWIFT_VERSION = 5.0;
				TARGETED_DEVICE_FAMILY = "1,2";
			};
			name = Debug;
		};
		71D9D98224261FB90062505B /* Release */ = {
			isa = XCBuildConfiguration;
			buildSettings = {
				ASSETCATALOG_COMPILER_APPICON_NAME = AppIcon;
				CODE_SIGN_STYLE = Automatic;
				DEVELOPMENT_TEAM = K3ER26RU8S;
				INFOPLIST_FILE = Dailies/Info.plist;
				IPHONEOS_DEPLOYMENT_TARGET = 13.3;
				LD_RUNPATH_SEARCH_PATHS = (
					"$(inherited)",
					"@executable_path/Frameworks",
				);
				PRODUCT_BUNDLE_IDENTIFIER = com.narrativesaw.Dailies;
				PRODUCT_NAME = "$(TARGET_NAME)";
				SWIFT_VERSION = 5.0;
				TARGETED_DEVICE_FAMILY = "1,2";
			};
			name = Release;
		};
/* End XCBuildConfiguration section */

/* Begin XCConfigurationList section */
		71D9D96724261FB60062505B /* Build configuration list for PBXProject "Dailies" */ = {
			isa = XCConfigurationList;
			buildConfigurations = (
				71D9D97E24261FB90062505B /* Debug */,
				71D9D97F24261FB90062505B /* Release */,
			);
			defaultConfigurationIsVisible = 0;
			defaultConfigurationName = Release;
		};
		71D9D98024261FB90062505B /* Build configuration list for PBXNativeTarget "Dailies" */ = {
			isa = XCConfigurationList;
			buildConfigurations = (
				71D9D98124261FB90062505B /* Debug */,
				71D9D98224261FB90062505B /* Release */,
			);
			defaultConfigurationIsVisible = 0;
			defaultConfigurationName = Release;
		};
/* End XCConfigurationList section */
	};
	rootObject = 71D9D96424261FB60062505B /* Project object */;
}
